
Microsoft Visual Studio Solution File, Format Version 12.00
# Visual Studio Version 16
VisualStudioVersion = 16.0.29102.190
MinimumVisualStudioVersion = 10.0.40219.1
Project("{FAE04EC0-301F-11D3-BF4B-00C04F79EFBC}") = "Currency_Unit1", "Currency_Unit1\Currency_Unit1.csproj", "{B44021A9-5B7D-447E-89AA-6FE65D1B70F7}"
EndProject
Global
	GlobalSection(SolutionConfigurationPlatforms) = preSolution
		Debug|Any CPU = Debug|Any CPU
		Release|Any CPU = Release|Any CPU
	EndGlobalSection
	GlobalSection(ProjectConfigurationPlatforms) = postSolution
		{B44021A9-5B7D-447E-89AA-6FE65D1B70F7}.Debug|Any CPU.ActiveCfg = Debug|Any CPU
		{B44021A9-5B7D-447E-89AA-6FE65D1B70F7}.Debug|Any CPU.Build.0 = Debug|Any CPU
		{B44021A9-5B7D-447E-89AA-6FE65D1B70F7}.Release|Any CPU.ActiveCfg = Release|Any CPU
		{B44021A9-5B7D-447E-89AA-6FE65D1B70F7}.Release|Any CPU.Build.0 = Release|Any CPU
	EndGlobalSection
	GlobalSection(SolutionProperties) = preSolution
		HideSolutionNode = FALSE
	EndGlobalSection
	GlobalSection(ExtensibilityGlobals) = postSolution
		SolutionGuid = {3E358A33-B540-4BB7-98C9-77694952EB7E}
	EndGlobalSection
EndGlobal
